
Microsoft Visual Studio Solution File, Format Version 12.00
# Visual Studio Version 16
VisualStudioVersion = 16.0.31129.286
MinimumVisualStudioVersion = 10.0.40219.1
Project("{FAE04EC0-301F-11D3-BF4B-00C04F79EFBC}") = "Midterm_CalculatorProject", "Midterm_CalculatorProject\Midterm_CalculatorProject.csproj", "{69EF7597-2525-477D-998D-8583DC6CFE41}"
EndProject
Global
	GlobalSection(SolutionConfigurationPlatforms) = preSolution
		Debug|Any CPU = Debug|Any CPU
		Release|Any CPU = Release|Any CPU
	EndGlobalSection
	GlobalSection(ProjectConfigurationPlatforms) = postSolution
		{69EF7597-2525-477D-998D-8583DC6CFE41}.Debug|Any CPU.ActiveCfg = Debug|Any CPU
		{69EF7597-2525-477D-998D-8583DC6CFE41}.Debug|Any CPU.Build.0 = Debug|Any CPU
		{69EF7597-2525-477D-998D-8583DC6CFE41}.Release|Any CPU.ActiveCfg = Release|Any CPU
		{69EF7597-2525-477D-998D-8583DC6CFE41}.Release|Any CPU.Build.0 = Release|Any CPU
	EndGlobalSection
	GlobalSection(SolutionProperties) = preSolution
		HideSolutionNode = FALSE
	EndGlobalSection
	GlobalSection(ExtensibilityGlobals) = postSolution
		SolutionGuid = {5BB9A5AE-8F38-4167-B120-8CD8775AFF65}
	EndGlobalSection
EndGlobal
